// !$*UTF8*$!
{
	archiveVersion = 1;
	classes = {
	};
	objectVersion = 55;
	objects = {

/* Begin PBXBuildFile section */
		35514055199FC92BA94EDF65 /* Pods_DiaryApp.framework in Frameworks */ = {isa = PBXBuildFile; fileRef = 429817F854190D5966312AF0 /* Pods_DiaryApp.framework */; };
		740F25F127297FE200FC1647 /* CalendarAndTask.storyboard in Resources */ = {isa = PBXBuildFile; fileRef = 740F25F027297FE200FC1647 /* CalendarAndTask.storyboard */; };
		743685FF272CCB4200785045 /* TextViewTableViewCell.swift in Sources */ = {isa = PBXBuildFile; fileRef = 743685FD272CCB4200785045 /* TextViewTableViewCell.swift */; };
		74368600272CCB4200785045 /* TextViewTableViewCell.xib in Resources */ = {isa = PBXBuildFile; fileRef = 743685FE272CCB4200785045 /* TextViewTableViewCell.xib */; };
		74368603272CCC5800785045 /* DateChooseTableViewCell.swift in Sources */ = {isa = PBXBuildFile; fileRef = 74368601272CCC5800785045 /* DateChooseTableViewCell.swift */; };
		74368604272CCC5800785045 /* DateChooseTableViewCell.xib in Resources */ = {isa = PBXBuildFile; fileRef = 74368602272CCC5800785045 /* DateChooseTableViewCell.xib */; };
		743D6A492729DF6E00B85A26 /* CalendarAndTaskModel.swift in Sources */ = {isa = PBXBuildFile; fileRef = 743D6A482729DF6E00B85A26 /* CalendarAndTaskModel.swift */; };
		7447467127292C47001BAA6E /* DetailTask.storyboard in Resources */ = {isa = PBXBuildFile; fileRef = 7447467027292C47001BAA6E /* DetailTask.storyboard */; };
		7447467527292C77001BAA6E /* DetailTaskViewController.swift in Sources */ = {isa = PBXBuildFile; fileRef = 7447467427292C77001BAA6E /* DetailTaskViewController.swift */; };
		7447467727292C8D001BAA6E /* DetailTaskView.swift in Sources */ = {isa = PBXBuildFile; fileRef = 7447467627292C8D001BAA6E /* DetailTaskView.swift */; };
		744C22FF272C523B0094696C /* DetailTableEnums.swift in Sources */ = {isa = PBXBuildFile; fileRef = 744C22FE272C523B0094696C /* DetailTableEnums.swift */; };
		744C2302272C769E0094696C /* LabelCellTableViewCell.swift in Sources */ = {isa = PBXBuildFile; fileRef = 744C2300272C769E0094696C /* LabelCellTableViewCell.swift */; };
		744C2303272C769E0094696C /* LabelCellTableViewCell.xib in Resources */ = {isa = PBXBuildFile; fileRef = 744C2301272C769E0094696C /* LabelCellTableViewCell.xib */; };
		744C2306272C76B10094696C /* ColorTableViewCell.swift in Sources */ = {isa = PBXBuildFile; fileRef = 744C2304272C76B10094696C /* ColorTableViewCell.swift */; };
		744C2307272C76B10094696C /* ColorTableViewCell.xib in Resources */ = {isa = PBXBuildFile; fileRef = 744C2305272C76B10094696C /* ColorTableViewCell.xib */; };
		744EA53F272CAA5300479275 /* AddTaskEnums.swift in Sources */ = {isa = PBXBuildFile; fileRef = 744EA53E272CAA5300479275 /* AddTaskEnums.swift */; };
		7450FA0D272953BB0080201E /* EventModel.swift in Sources */ = {isa = PBXBuildFile; fileRef = 7450FA0C272953BB0080201E /* EventModel.swift */; };
		7470258D272C9BA900C2C24F /* AddTask.storyboard in Resources */ = {isa = PBXBuildFile; fileRef = 7470258C272C9BA900C2C24F /* AddTask.storyboard */; };
		74702598272CA3C800C2C24F /* AddTaskViewController.swift in Sources */ = {isa = PBXBuildFile; fileRef = 74702597272CA3C800C2C24F /* AddTaskViewController.swift */; };
		7470259A272CA46F00C2C24F /* AddTaskView.swift in Sources */ = {isa = PBXBuildFile; fileRef = 74702599272CA46F00C2C24F /* AddTaskView.swift */; };
		74AA6E4A272F03D000002601 /* EventService.swift in Sources */ = {isa = PBXBuildFile; fileRef = 74AA6E49272F03D000002601 /* EventService.swift */; };
		74B942632729284C0098FCFC /* AppDelegate.swift in Sources */ = {isa = PBXBuildFile; fileRef = 74B942622729284C0098FCFC /* AppDelegate.swift */; };
		74B942652729284C0098FCFC /* SceneDelegate.swift in Sources */ = {isa = PBXBuildFile; fileRef = 74B942642729284C0098FCFC /* SceneDelegate.swift */; };
		74B942672729284C0098FCFC /* ViewController.swift in Sources */ = {isa = PBXBuildFile; fileRef = 74B942662729284C0098FCFC /* ViewController.swift */; };
		74B9426A2729284C0098FCFC /* Main.storyboard in Resources */ = {isa = PBXBuildFile; fileRef = 74B942682729284C0098FCFC /* Main.storyboard */; };
		74B9426C2729284C0098FCFC /* Assets.xcassets in Resources */ = {isa = PBXBuildFile; fileRef = 74B9426B2729284C0098FCFC /* Assets.xcassets */; };
		74B9426F2729284C0098FCFC /* LaunchScreen.storyboard in Resources */ = {isa = PBXBuildFile; fileRef = 74B9426D2729284C0098FCFC /* LaunchScreen.storyboard */; };
		74C11A1E272AE772003FC406 /* CalendarAndTaskViewController.swift in Sources */ = {isa = PBXBuildFile; fileRef = 74C11A1D272AE772003FC406 /* CalendarAndTaskViewController.swift */; };
		74D7007B272F3D780033B436 /* AddTaskModel.swift in Sources */ = {isa = PBXBuildFile; fileRef = 74D7007A272F3D780033B436 /* AddTaskModel.swift */; };
		74DF5D78272CB55900FFDF7D /* AddTaskColorTableViewCell.swift in Sources */ = {isa = PBXBuildFile; fileRef = 74DF5D76272CB55900FFDF7D /* AddTaskColorTableViewCell.swift */; };
		74DF5D79272CB55900FFDF7D /* AddTaskColorTableViewCell.xib in Resources */ = {isa = PBXBuildFile; fileRef = 74DF5D77272CB55900FFDF7D /* AddTaskColorTableViewCell.xib */; };
		74E291E92731792F00307E2B /* DetailTaskModel.swift in Sources */ = {isa = PBXBuildFile; fileRef = 74E291E82731792F00307E2B /* DetailTaskModel.swift */; };
		74E291EC273183BA00307E2B /* ColorHexExtension.swift in Sources */ = {isa = PBXBuildFile; fileRef = 74E291EB273183BA00307E2B /* ColorHexExtension.swift */; };
		74E291EE273183F700307E2B /* DayBoundsExtension.swift in Sources */ = {isa = PBXBuildFile; fileRef = 74E291ED273183F700307E2B /* DayBoundsExtension.swift */; };
/* End PBXBuildFile section */

/* Begin PBXFileReference section */
		29F2A85C7C6BFAABF46CF2A8 /* Pods-DiaryApp.debug.xcconfig */ = {isa = PBXFileReference; includeInIndex = 1; lastKnownFileType = text.xcconfig; name = "Pods-DiaryApp.debug.xcconfig"; path = "Target Support Files/Pods-DiaryApp/Pods-DiaryApp.debug.xcconfig"; sourceTree = "<group>"; };
		429817F854190D5966312AF0 /* Pods_DiaryApp.framework */ = {isa = PBXFileReference; explicitFileType = wrapper.framework; includeInIndex = 0; path = Pods_DiaryApp.framework; sourceTree = BUILT_PRODUCTS_DIR; };
		48AC7BA0ECDA9816B3F661A1 /* Pods-DiaryApp.release.xcconfig */ = {isa = PBXFileReference; includeInIndex = 1; lastKnownFileType = text.xcconfig; name = "Pods-DiaryApp.release.xcconfig"; path = "Target Support Files/Pods-DiaryApp/Pods-DiaryApp.release.xcconfig"; sourceTree = "<group>"; };
		740F25F027297FE200FC1647 /* CalendarAndTask.storyboard */ = {isa = PBXFileReference; lastKnownFileType = file.storyboard; path = CalendarAndTask.storyboard; sourceTree = "<group>"; };
		743685FD272CCB4200785045 /* TextViewTableViewCell.swift */ = {isa = PBXFileReference; lastKnownFileType = sourcecode.swift; path = TextViewTableViewCell.swift; sourceTree = "<group>"; };
		743685FE272CCB4200785045 /* TextViewTableViewCell.xib */ = {isa = PBXFileReference; lastKnownFileType = file.xib; path = TextViewTableViewCell.xib; sourceTree = "<group>"; };
		74368601272CCC5800785045 /* DateChooseTableViewCell.swift */ = {isa = PBXFileReference; lastKnownFileType = sourcecode.swift; path = DateChooseTableViewCell.swift; sourceTree = "<group>"; };
		74368602272CCC5800785045 /* DateChooseTableViewCell.xib */ = {isa = PBXFileReference; lastKnownFileType = file.xib; path = DateChooseTableViewCell.xib; sourceTree = "<group>"; };
		743D6A482729DF6E00B85A26 /* CalendarAndTaskModel.swift */ = {isa = PBXFileReference; lastKnownFileType = sourcecode.swift; path = CalendarAndTaskModel.swift; sourceTree = "<group>"; };
		7447467027292C47001BAA6E /* DetailTask.storyboard */ = {isa = PBXFileReference; lastKnownFileType = file.storyboard; path = DetailTask.storyboard; sourceTree = "<group>"; };
		7447467427292C77001BAA6E /* DetailTaskViewController.swift */ = {isa = PBXFileReference; lastKnownFileType = sourcecode.swift; path = DetailTaskViewController.swift; sourceTree = "<group>"; };
		7447467627292C8D001BAA6E /* DetailTaskView.swift */ = {isa = PBXFileReference; lastKnownFileType = sourcecode.swift; path = DetailTaskView.swift; sourceTree = "<group>"; };
		744C22FE272C523B0094696C /* DetailTableEnums.swift */ = {isa = PBXFileReference; lastKnownFileType = sourcecode.swift; path = DetailTableEnums.swift; sourceTree = "<group>"; };
		744C2300272C769E0094696C /* LabelCellTableViewCell.swift */ = {isa = PBXFileReference; lastKnownFileType = sourcecode.swift; path = LabelCellTableViewCell.swift; sourceTree = "<group>"; };
		744C2301272C769E0094696C /* LabelCellTableViewCell.xib */ = {isa = PBXFileReference; lastKnownFileType = file.xib; path = LabelCellTableViewCell.xib; sourceTree = "<group>"; };
		744C2304272C76B10094696C /* ColorTableViewCell.swift */ = {isa = PBXFileReference; lastKnownFileType = sourcecode.swift; path = ColorTableViewCell.swift; sourceTree = "<group>"; };
		744C2305272C76B10094696C /* ColorTableViewCell.xib */ = {isa = PBXFileReference; lastKnownFileType = file.xib; path = ColorTableViewCell.xib; sourceTree = "<group>"; };
		744EA53E272CAA5300479275 /* AddTaskEnums.swift */ = {isa = PBXFileReference; lastKnownFileType = sourcecode.swift; path = AddTaskEnums.swift; sourceTree = "<group>"; };
		7450FA0C272953BB0080201E /* EventModel.swift */ = {isa = PBXFileReference; lastKnownFileType = sourcecode.swift; path = EventModel.swift; sourceTree = "<group>"; };
		7470258C272C9BA900C2C24F /* AddTask.storyboard */ = {isa = PBXFileReference; lastKnownFileType = file.storyboard; path = AddTask.storyboard; sourceTree = "<group>"; };
		74702597272CA3C800C2C24F /* AddTaskViewController.swift */ = {isa = PBXFileReference; lastKnownFileType = sourcecode.swift; path = AddTaskViewController.swift; sourceTree = "<group>"; };
		74702599272CA46F00C2C24F /* AddTaskView.swift */ = {isa = PBXFileReference; lastKnownFileType = sourcecode.swift; path = AddTaskView.swift; sourceTree = "<group>"; };
		74AA6E49272F03D000002601 /* EventService.swift */ = {isa = PBXFileReference; lastKnownFileType = sourcecode.swift; path = EventService.swift; sourceTree = "<group>"; };
		74B9425F2729284C0098FCFC /* DiaryApp.app */ = {isa = PBXFileReference; explicitFileType = wrapper.application; includeInIndex = 0; path = DiaryApp.app; sourceTree = BUILT_PRODUCTS_DIR; };
		74B942622729284C0098FCFC /* AppDelegate.swift */ = {isa = PBXFileReference; lastKnownFileType = sourcecode.swift; path = AppDelegate.swift; sourceTree = "<group>"; };
		74B942642729284C0098FCFC /* SceneDelegate.swift */ = {isa = PBXFileReference; lastKnownFileType = sourcecode.swift; path = SceneDelegate.swift; sourceTree = "<group>"; };
		74B942662729284C0098FCFC /* ViewController.swift */ = {isa = PBXFileReference; lastKnownFileType = sourcecode.swift; path = ViewController.swift; sourceTree = "<group>"; };
		74B942692729284C0098FCFC /* Base */ = {isa = PBXFileReference; lastKnownFileType = file.storyboard; name = Base; path = Base.lproj/Main.storyboard; sourceTree = "<group>"; };
		74B9426B2729284C0098FCFC /* Assets.xcassets */ = {isa = PBXFileReference; lastKnownFileType = folder.assetcatalog; path = Assets.xcassets; sourceTree = "<group>"; };
		74B9426E2729284C0098FCFC /* Base */ = {isa = PBXFileReference; lastKnownFileType = file.storyboard; name = Base; path = Base.lproj/LaunchScreen.storyboard; sourceTree = "<group>"; };
		74B942702729284C0098FCFC /* Info.plist */ = {isa = PBXFileReference; lastKnownFileType = text.plist.xml; path = Info.plist; sourceTree = "<group>"; };
		74C11A1D272AE772003FC406 /* CalendarAndTaskViewController.swift */ = {isa = PBXFileReference; lastKnownFileType = sourcecode.swift; path = CalendarAndTaskViewController.swift; sourceTree = "<group>"; };
		74D7007A272F3D780033B436 /* AddTaskModel.swift */ = {isa = PBXFileReference; lastKnownFileType = sourcecode.swift; path = AddTaskModel.swift; sourceTree = "<group>"; };
		74DF5D76272CB55900FFDF7D /* AddTaskColorTableViewCell.swift */ = {isa = PBXFileReference; lastKnownFileType = sourcecode.swift; path = AddTaskColorTableViewCell.swift; sourceTree = "<group>"; };
		74DF5D77272CB55900FFDF7D /* AddTaskColorTableViewCell.xib */ = {isa = PBXFileReference; lastKnownFileType = file.xib; path = AddTaskColorTableViewCell.xib; sourceTree = "<group>"; };
		74E291E82731792F00307E2B /* DetailTaskModel.swift */ = {isa = PBXFileReference; lastKnownFileType = sourcecode.swift; path = DetailTaskModel.swift; sourceTree = "<group>"; };
		74E291EB273183BA00307E2B /* ColorHexExtension.swift */ = {isa = PBXFileReference; lastKnownFileType = sourcecode.swift; path = ColorHexExtension.swift; sourceTree = "<group>"; };
		74E291ED273183F700307E2B /* DayBoundsExtension.swift */ = {isa = PBXFileReference; lastKnownFileType = sourcecode.swift; path = DayBoundsExtension.swift; sourceTree = "<group>"; };
/* End PBXFileReference section */

/* Begin PBXFrameworksBuildPhase section */
		74B9425C2729284C0098FCFC /* Frameworks */ = {
			isa = PBXFrameworksBuildPhase;
			buildActionMask = 2147483647;
			files = (
				35514055199FC92BA94EDF65 /* Pods_DiaryApp.framework in Frameworks */,
			);
			runOnlyForDeploymentPostprocessing = 0;
		};
/* End PBXFrameworksBuildPhase section */

/* Begin PBXGroup section */
		0FC18BA0C7F324001DF590CB /* Frameworks */ = {
			isa = PBXGroup;
			children = (
				429817F854190D5966312AF0 /* Pods_DiaryApp.framework */,
			);
			name = Frameworks;
			sourceTree = "<group>";
		};
		56DB2154210E22D3279C0AA2 /* Pods */ = {
			isa = PBXGroup;
			children = (
				29F2A85C7C6BFAABF46CF2A8 /* Pods-DiaryApp.debug.xcconfig */,
				48AC7BA0ECDA9816B3F661A1 /* Pods-DiaryApp.release.xcconfig */,
			);
			path = Pods;
			sourceTree = "<group>";
		};
		740F25EF27297FC700FC1647 /* View */ = {
			isa = PBXGroup;
			children = (
				740F25F027297FE200FC1647 /* CalendarAndTask.storyboard */,
			);
			path = View;
			sourceTree = "<group>";
		};
		740F25F227297FEA00FC1647 /* Controller */ = {
			isa = PBXGroup;
			children = (
				74C11A1D272AE772003FC406 /* CalendarAndTaskViewController.swift */,
			);
			path = Controller;
			sourceTree = "<group>";
		};
		740F25F327297FF200FC1647 /* Model */ = {
			isa = PBXGroup;
			children = (
				743D6A482729DF6E00B85A26 /* CalendarAndTaskModel.swift */,
			);
			path = Model;
			sourceTree = "<group>";
		};
		7431FB84272C3606003D8F40 /* AddTask */ = {
			isa = PBXGroup;
			children = (
				74D70079272F3D5A0033B436 /* Model */,
				7470258E272CA0D300C2C24F /* Cells */,
				7470258B272C9B9000C2C24F /* View */,
				7470258A272C9B7600C2C24F /* Controller */,
				744EA53E272CAA5300479275 /* AddTaskEnums.swift */,
			);
			path = AddTask;
			sourceTree = "<group>";
		};
		7447466C27292BFF001BAA6E /* Presentation */ = {
			isa = PBXGroup;
			children = (
				7431FB84272C3606003D8F40 /* AddTask */,
				7447466E27292C21001BAA6E /* DetailTask */,
				7447466D27292C12001BAA6E /* CalendarAndTasks */,
			);
			path = Presentation;
			sourceTree = "<group>";
		};
		7447466D27292C12001BAA6E /* CalendarAndTasks */ = {
			isa = PBXGroup;
			children = (
				740F25F327297FF200FC1647 /* Model */,
				740F25F227297FEA00FC1647 /* Controller */,
				740F25EF27297FC700FC1647 /* View */,
			);
			path = CalendarAndTasks;
			sourceTree = "<group>";
		};
		7447466E27292C21001BAA6E /* DetailTask */ = {
			isa = PBXGroup;
			children = (
				744C22FD272C4FEE0094696C /* Cells */,
				744C22FE272C523B0094696C /* DetailTableEnums.swift */,
				7447467327292C5D001BAA6E /* Model */,
				7447467227292C54001BAA6E /* Controller */,
				7447466F27292C32001BAA6E /* View */,
			);
			path = DetailTask;
			sourceTree = "<group>";
		};
		7447466F27292C32001BAA6E /* View */ = {
			isa = PBXGroup;
			children = (
				7447467027292C47001BAA6E /* DetailTask.storyboard */,
				7447467627292C8D001BAA6E /* DetailTaskView.swift */,
			);
			path = View;
			sourceTree = "<group>";
		};
		7447467227292C54001BAA6E /* Controller */ = {
			isa = PBXGroup;
			children = (
				7447467427292C77001BAA6E /* DetailTaskViewController.swift */,
			);
			path = Controller;
			sourceTree = "<group>";
		};
		7447467327292C5D001BAA6E /* Model */ = {
			isa = PBXGroup;
			children = (
				74E291E82731792F00307E2B /* DetailTaskModel.swift */,
			);
			path = Model;
			sourceTree = "<group>";
		};
		744C22FD272C4FEE0094696C /* Cells */ = {
			isa = PBXGroup;
			children = (
				744C2300272C769E0094696C /* LabelCellTableViewCell.swift */,
				744C2301272C769E0094696C /* LabelCellTableViewCell.xib */,
				744C2304272C76B10094696C /* ColorTableViewCell.swift */,
				744C2305272C76B10094696C /* ColorTableViewCell.xib */,
			);
			path = Cells;
			sourceTree = "<group>";
		};
		7450FA0B272953A30080201E /* Entities */ = {
			isa = PBXGroup;
			children = (
				7450FA0C272953BB0080201E /* EventModel.swift */,
			);
			path = Entities;
			sourceTree = "<group>";
		};
		7470258A272C9B7600C2C24F /* Controller */ = {
			isa = PBXGroup;
			children = (
				74702597272CA3C800C2C24F /* AddTaskViewController.swift */,
			);
			path = Controller;
			sourceTree = "<group>";
		};
		7470258B272C9B9000C2C24F /* View */ = {
			isa = PBXGroup;
			children = (
				7470258C272C9BA900C2C24F /* AddTask.storyboard */,
				74702599272CA46F00C2C24F /* AddTaskView.swift */,
			);
			path = View;
			sourceTree = "<group>";
		};
		7470258E272CA0D300C2C24F /* Cells */ = {
			isa = PBXGroup;
			children = (
				74DF5D76272CB55900FFDF7D /* AddTaskColorTableViewCell.swift */,
				74DF5D77272CB55900FFDF7D /* AddTaskColorTableViewCell.xib */,
				743685FD272CCB4200785045 /* TextViewTableViewCell.swift */,
				743685FE272CCB4200785045 /* TextViewTableViewCell.xib */,
				74368601272CCC5800785045 /* DateChooseTableViewCell.swift */,
				74368602272CCC5800785045 /* DateChooseTableViewCell.xib */,
			);
			path = Cells;
			sourceTree = "<group>";
		};
		74AA6E48272F03BF00002601 /* Services */ = {
			isa = PBXGroup;
			children = (
				74AA6E49272F03D000002601 /* EventService.swift */,
			);
			path = Services;
			sourceTree = "<group>";
		};
		74B942562729284C0098FCFC = {
			isa = PBXGroup;
			children = (
				74B942612729284C0098FCFC /* DiaryApp */,
				74B942602729284C0098FCFC /* Products */,
				56DB2154210E22D3279C0AA2 /* Pods */,
				0FC18BA0C7F324001DF590CB /* Frameworks */,
			);
			sourceTree = "<group>";
		};
		74B942602729284C0098FCFC /* Products */ = {
			isa = PBXGroup;
			children = (
				74B9425F2729284C0098FCFC /* DiaryApp.app */,
			);
			name = Products;
			sourceTree = "<group>";
		};
		74B942612729284C0098FCFC /* DiaryApp */ = {
			isa = PBXGroup;
			children = (
				74E291EA2731839F00307E2B /* Extensions */,
				74AA6E48272F03BF00002601 /* Services */,
				7450FA0B272953A30080201E /* Entities */,
				7447466C27292BFF001BAA6E /* Presentation */,
				74B942622729284C0098FCFC /* AppDelegate.swift */,
				74B942642729284C0098FCFC /* SceneDelegate.swift */,
				74B942662729284C0098FCFC /* ViewController.swift */,
				74B942682729284C0098FCFC /* Main.storyboard */,
				74B9426B2729284C0098FCFC /* Assets.xcassets */,
				74B9426D2729284C0098FCFC /* LaunchScreen.storyboard */,
				74B942702729284C0098FCFC /* Info.plist */,
			);
			path = DiaryApp;
			sourceTree = "<group>";
		};
		74D70079272F3D5A0033B436 /* Model */ = {
			isa = PBXGroup;
			children = (
				74D7007A272F3D780033B436 /* AddTaskModel.swift */,
			);
			path = Model;
			sourceTree = "<group>";
		};
		74E291EA2731839F00307E2B /* Extensions */ = {
			isa = PBXGroup;
			children = (
				74E291EB273183BA00307E2B /* ColorHexExtension.swift */,
				74E291ED273183F700307E2B /* DayBoundsExtension.swift */,
			);
			path = Extensions;
			sourceTree = "<group>";
		};
/* End PBXGroup section */

/* Begin PBXNativeTarget section */
		74B9425E2729284C0098FCFC /* DiaryApp */ = {
			isa = PBXNativeTarget;
			buildConfigurationList = 74B942732729284C0098FCFC /* Build configuration list for PBXNativeTarget "DiaryApp" */;
			buildPhases = (
				2B77C50E5EF1407F2F759FA2 /* [CP] Check Pods Manifest.lock */,
				74B9425B2729284C0098FCFC /* Sources */,
				74B9425C2729284C0098FCFC /* Frameworks */,
				74B9425D2729284C0098FCFC /* Resources */,
				E3C8EE4A84A4A3F50FA9511C /* [CP] Embed Pods Frameworks */,
			);
			buildRules = (
			);
			dependencies = (
			);
			name = DiaryApp;
			productName = DiaryApp;
			productReference = 74B9425F2729284C0098FCFC /* DiaryApp.app */;
			productType = "com.apple.product-type.application";
		};
/* End PBXNativeTarget section */

/* Begin PBXProject section */
		74B942572729284C0098FCFC /* Project object */ = {
			isa = PBXProject;
			attributes = {
				BuildIndependentTargetsInParallel = 1;
				LastSwiftUpdateCheck = 1310;
				LastUpgradeCheck = 1310;
				TargetAttributes = {
					74B9425E2729284C0098FCFC = {
						CreatedOnToolsVersion = 13.1;
					};
				};
			};
			buildConfigurationList = 74B9425A2729284C0098FCFC /* Build configuration list for PBXProject "DiaryApp" */;
			compatibilityVersion = "Xcode 13.0";
			developmentRegion = en;
			hasScannedForEncodings = 0;
			knownRegions = (
				en,
				Base,
			);
			mainGroup = 74B942562729284C0098FCFC;
			productRefGroup = 74B942602729284C0098FCFC /* Products */;
			projectDirPath = "";
			projectRoot = "";
			targets = (
				74B9425E2729284C0098FCFC /* DiaryApp */,
			);
		};
/* End PBXProject section */

/* Begin PBXResourcesBuildPhase section */
		74B9425D2729284C0098FCFC /* Resources */ = {
			isa = PBXResourcesBuildPhase;
			buildActionMask = 2147483647;
			files = (
				74DF5D79272CB55900FFDF7D /* AddTaskColorTableViewCell.xib in Resources */,
				74368600272CCB4200785045 /* TextViewTableViewCell.xib in Resources */,
				7470258D272C9BA900C2C24F /* AddTask.storyboard in Resources */,
				744C2303272C769E0094696C /* LabelCellTableViewCell.xib in Resources */,
				744C2307272C76B10094696C /* ColorTableViewCell.xib in Resources */,
				74368604272CCC5800785045 /* DateChooseTableViewCell.xib in Resources */,
				740F25F127297FE200FC1647 /* CalendarAndTask.storyboard in Resources */,
				74B9426F2729284C0098FCFC /* LaunchScreen.storyboard in Resources */,
				74B9426C2729284C0098FCFC /* Assets.xcassets in Resources */,
				7447467127292C47001BAA6E /* DetailTask.storyboard in Resources */,
				74B9426A2729284C0098FCFC /* Main.storyboard in Resources */,
			);
			runOnlyForDeploymentPostprocessing = 0;
		};
/* End PBXResourcesBuildPhase section */

/* Begin PBXShellScriptBuildPhase section */
		2B77C50E5EF1407F2F759FA2 /* [CP] Check Pods Manifest.lock */ = {
			isa = PBXShellScriptBuildPhase;
			buildActionMask = 2147483647;
			files = (
			);
			inputFileListPaths = (
			);
			inputPaths = (
				"${PODS_PODFILE_DIR_PATH}/Podfile.lock",
				"${PODS_ROOT}/Manifest.lock",
			);
			name = "[CP] Check Pods Manifest.lock";
			outputFileListPaths = (
			);
			outputPaths = (
				"$(DERIVED_FILE_DIR)/Pods-DiaryApp-checkManifestLockResult.txt",
			);
			runOnlyForDeploymentPostprocessing = 0;
			shellPath = /bin/sh;
			shellScript = "diff \"${PODS_PODFILE_DIR_PATH}/Podfile.lock\" \"${PODS_ROOT}/Manifest.lock\" > /dev/null\nif [ $? != 0 ] ; then\n    # print error to STDERR\n    echo \"error: The sandbox is not in sync with the Podfile.lock. Run 'pod install' or update your CocoaPods installation.\" >&2\n    exit 1\nfi\n# This output is used by Xcode 'outputs' to avoid re-running this script phase.\necho \"SUCCESS\" > \"${SCRIPT_OUTPUT_FILE_0}\"\n";
			showEnvVarsInLog = 0;
		};
		E3C8EE4A84A4A3F50FA9511C /* [CP] Embed Pods Frameworks */ = {
			isa = PBXShellScriptBuildPhase;
			buildActionMask = 2147483647;
			files = (
			);
			inputFileListPaths = (
				"${PODS_ROOT}/Target Support Files/Pods-DiaryApp/Pods-DiaryApp-frameworks-${CONFIGURATION}-input-files.xcfilelist",
			);
			name = "[CP] Embed Pods Frameworks";
			outputFileListPaths = (
				"${PODS_ROOT}/Target Support Files/Pods-DiaryApp/Pods-DiaryApp-frameworks-${CONFIGURATION}-output-files.xcfilelist",
			);
			runOnlyForDeploymentPostprocessing = 0;
			shellPath = /bin/sh;
			shellScript = "\"${PODS_ROOT}/Target Support Files/Pods-DiaryApp/Pods-DiaryApp-frameworks.sh\"\n";
			showEnvVarsInLog = 0;
		};
/* End PBXShellScriptBuildPhase section */

/* Begin PBXSourcesBuildPhase section */
		74B9425B2729284C0098FCFC /* Sources */ = {
			isa = PBXSourcesBuildPhase;
			buildActionMask = 2147483647;
			files = (
				74AA6E4A272F03D000002601 /* EventService.swift in Sources */,
				74DF5D78272CB55900FFDF7D /* AddTaskColorTableViewCell.swift in Sources */,
				74B942672729284C0098FCFC /* ViewController.swift in Sources */,
				74C11A1E272AE772003FC406 /* CalendarAndTaskViewController.swift in Sources */,
				743D6A492729DF6E00B85A26 /* CalendarAndTaskModel.swift in Sources */,
				743685FF272CCB4200785045 /* TextViewTableViewCell.swift in Sources */,
				74B942632729284C0098FCFC /* AppDelegate.swift in Sources */,
				744C2306272C76B10094696C /* ColorTableViewCell.swift in Sources */,
				74E291EE273183F700307E2B /* DayBoundsExtension.swift in Sources */,
				74E291E92731792F00307E2B /* DetailTaskModel.swift in Sources */,
				74702598272CA3C800C2C24F /* AddTaskViewController.swift in Sources */,
				744C22FF272C523B0094696C /* DetailTableEnums.swift in Sources */,
				74368603272CCC5800785045 /* DateChooseTableViewCell.swift in Sources */,
				74D7007B272F3D780033B436 /* AddTaskModel.swift in Sources */,
				74E291EC273183BA00307E2B /* ColorHexExtension.swift in Sources */,
				7470259A272CA46F00C2C24F /* AddTaskView.swift in Sources */,
				744C2302272C769E0094696C /* LabelCellTableViewCell.swift in Sources */,
				7447467527292C77001BAA6E /* DetailTaskViewController.swift in Sources */,
				744EA53F272CAA5300479275 /* AddTaskEnums.swift in Sources */,
				7447467727292C8D001BAA6E /* DetailTaskView.swift in Sources */,
				7450FA0D272953BB0080201E /* EventModel.swift in Sources */,
				74B942652729284C0098FCFC /* SceneDelegate.swift in Sources */,
			);
			runOnlyForDeploymentPostprocessing = 0;
		};
/* End PBXSourcesBuildPhase section */

/* Begin PBXVariantGroup section */
		74B942682729284C0098FCFC /* Main.storyboard */ = {
			isa = PBXVariantGroup;
			children = (
				74B942692729284C0098FCFC /* Base */,
			);
			name = Main.storyboard;
			sourceTree = "<group>";
		};
		74B9426D2729284C0098FCFC /* LaunchScreen.storyboard */ = {
			isa = PBXVariantGroup;
			children = (
				74B9426E2729284C0098FCFC /* Base */,
			);
			name = LaunchScreen.storyboard;
			sourceTree = "<group>";
		};
/* End PBXVariantGroup section */

/* Begin XCBuildConfiguration section */
		74B942712729284C0098FCFC /* Debug */ = {
			isa = XCBuildConfiguration;
			buildSettings = {
				ALWAYS_SEARCH_USER_PATHS = NO;
				CLANG_ANALYZER_NONNULL = YES;
				CLANG_ANALYZER_NUMBER_OBJECT_CONVERSION = YES_AGGRESSIVE;
				CLANG_CXX_LANGUAGE_STANDARD = "gnu++17";
				CLANG_CXX_LIBRARY = "libc++";
				CLANG_ENABLE_MODULES = YES;
				CLANG_ENABLE_OBJC_ARC = YES;
				CLANG_ENABLE_OBJC_WEAK = YES;
				CLANG_WARN_BLOCK_CAPTURE_AUTORELEASING = YES;
				CLANG_WARN_BOOL_CONVERSION = YES;
				CLANG_WARN_COMMA = YES;
				CLANG_WARN_CONSTANT_CONVERSION = YES;
				CLANG_WARN_DEPRECATED_OBJC_IMPLEMENTATIONS = YES;
				CLANG_WARN_DIRECT_OBJC_ISA_USAGE = YES_ERROR;
				CLANG_WARN_DOCUMENTATION_COMMENTS = YES;
				CLANG_WARN_EMPTY_BODY = YES;
				CLANG_WARN_ENUM_CONVERSION = YES;
				CLANG_WARN_INFINITE_RECURSION = YES;
				CLANG_WARN_INT_CONVERSION = YES;
				CLANG_WARN_NON_LITERAL_NULL_CONVERSION = YES;
				CLANG_WARN_OBJC_IMPLICIT_RETAIN_SELF = YES;
				CLANG_WARN_OBJC_LITERAL_CONVERSION = YES;
				CLANG_WARN_OBJC_ROOT_CLASS = YES_ERROR;
				CLANG_WARN_QUOTED_INCLUDE_IN_FRAMEWORK_HEADER = YES;
				CLANG_WARN_RANGE_LOOP_ANALYSIS = YES;
				CLANG_WARN_STRICT_PROTOTYPES = YES;
				CLANG_WARN_SUSPICIOUS_MOVE = YES;
				CLANG_WARN_UNGUARDED_AVAILABILITY = YES_AGGRESSIVE;
				CLANG_WARN_UNREACHABLE_CODE = YES;
				CLANG_WARN__DUPLICATE_METHOD_MATCH = YES;
				COPY_PHASE_STRIP = NO;
				DEBUG_INFORMATION_FORMAT = dwarf;
				ENABLE_STRICT_OBJC_MSGSEND = YES;
				ENABLE_TESTABILITY = YES;
				GCC_C_LANGUAGE_STANDARD = gnu11;
				GCC_DYNAMIC_NO_PIC = NO;
				GCC_NO_COMMON_BLOCKS = YES;
				GCC_OPTIMIZATION_LEVEL = 0;
				GCC_PREPROCESSOR_DEFINITIONS = (
					"DEBUG=1",
					"$(inherited)",
				);
				GCC_WARN_64_TO_32_BIT_CONVERSION = YES;
				GCC_WARN_ABOUT_RETURN_TYPE = YES_ERROR;
				GCC_WARN_UNDECLARED_SELECTOR = YES;
				GCC_WARN_UNINITIALIZED_AUTOS = YES_AGGRESSIVE;
				GCC_WARN_UNUSED_FUNCTION = YES;
				GCC_WARN_UNUSED_VARIABLE = YES;
				IPHONEOS_DEPLOYMENT_TARGET = 15.0;
				MTL_ENABLE_DEBUG_INFO = INCLUDE_SOURCE;
				MTL_FAST_MATH = YES;
				ONLY_ACTIVE_ARCH = YES;
				SDKROOT = iphoneos;
				SWIFT_ACTIVE_COMPILATION_CONDITIONS = DEBUG;
				SWIFT_OPTIMIZATION_LEVEL = "-Onone";
			};
			name = Debug;
		};
		74B942722729284C0098FCFC /* Release */ = {
			isa = XCBuildConfiguration;
			buildSettings = {
				ALWAYS_SEARCH_USER_PATHS = NO;
				CLANG_ANALYZER_NONNULL = YES;
				CLANG_ANALYZER_NUMBER_OBJECT_CONVERSION = YES_AGGRESSIVE;
				CLANG_CXX_LANGUAGE_STANDARD = "gnu++17";
				CLANG_CXX_LIBRARY = "libc++";
				CLANG_ENABLE_MODULES = YES;
				CLANG_ENABLE_OBJC_ARC = YES;
				CLANG_ENABLE_OBJC_WEAK = YES;
				CLANG_WARN_BLOCK_CAPTURE_AUTORELEASING = YES;
				CLANG_WARN_BOOL_CONVERSION = YES;
				CLANG_WARN_COMMA = YES;
				CLANG_WARN_CONSTANT_CONVERSION = YES;
				CLANG_WARN_DEPRECATED_OBJC_IMPLEMENTATIONS = YES;
				CLANG_WARN_DIRECT_OBJC_ISA_USAGE = YES_ERROR;
				CLANG_WARN_DOCUMENTATION_COMMENTS = YES;
				CLANG_WARN_EMPTY_BODY = YES;
				CLANG_WARN_ENUM_CONVERSION = YES;
				CLANG_WARN_INFINITE_RECURSION = YES;
				CLANG_WARN_INT_CONVERSION = YES;
				CLANG_WARN_NON_LITERAL_NULL_CONVERSION = YES;
				CLANG_WARN_OBJC_IMPLICIT_RETAIN_SELF = YES;
				CLANG_WARN_OBJC_LITERAL_CONVERSION = YES;
				CLANG_WARN_OBJC_ROOT_CLASS = YES_ERROR;
				CLANG_WARN_QUOTED_INCLUDE_IN_FRAMEWORK_HEADER = YES;
				CLANG_WARN_RANGE_LOOP_ANALYSIS = YES;
				CLANG_WARN_STRICT_PROTOTYPES = YES;
				CLANG_WARN_SUSPICIOUS_MOVE = YES;
				CLANG_WARN_UNGUARDED_AVAILABILITY = YES_AGGRESSIVE;
				CLANG_WARN_UNREACHABLE_CODE = YES;
				CLANG_WARN__DUPLICATE_METHOD_MATCH = YES;
				COPY_PHASE_STRIP = NO;
				DEBUG_INFORMATION_FORMAT = "dwarf-with-dsym";
				ENABLE_NS_ASSERTIONS = NO;
				ENABLE_STRICT_OBJC_MSGSEND = YES;
				GCC_C_LANGUAGE_STANDARD = gnu11;
				GCC_NO_COMMON_BLOCKS = YES;
				GCC_WARN_64_TO_32_BIT_CONVERSION = YES;
				GCC_WARN_ABOUT_RETURN_TYPE = YES_ERROR;
				GCC_WARN_UNDECLARED_SELECTOR = YES;
				GCC_WARN_UNINITIALIZED_AUTOS = YES_AGGRESSIVE;
				GCC_WARN_UNUSED_FUNCTION = YES;
				GCC_WARN_UNUSED_VARIABLE = YES;
				IPHONEOS_DEPLOYMENT_TARGET = 15.0;
				MTL_ENABLE_DEBUG_INFO = NO;
				MTL_FAST_MATH = YES;
				SDKROOT = iphoneos;
				SWIFT_COMPILATION_MODE = wholemodule;
				SWIFT_OPTIMIZATION_LEVEL = "-O";
				VALIDATE_PRODUCT = YES;
			};
			name = Release;
		};
		74B942742729284C0098FCFC /* Debug */ = {
			isa = XCBuildConfiguration;
			baseConfigurationReference = 29F2A85C7C6BFAABF46CF2A8 /* Pods-DiaryApp.debug.xcconfig */;
			buildSettings = {
				ASSETCATALOG_COMPILER_APPICON_NAME = AppIcon;
				ASSETCATALOG_COMPILER_GLOBAL_ACCENT_COLOR_NAME = AccentColor;
				CODE_SIGN_STYLE = Automatic;
				CURRENT_PROJECT_VERSION = 1;
				DEVELOPMENT_TEAM = K2W9WPT8C4;
				GENERATE_INFOPLIST_FILE = YES;
				INFOPLIST_FILE = DiaryApp/Info.plist;
				INFOPLIST_KEY_UIApplicationSupportsIndirectInputEvents = YES;
				INFOPLIST_KEY_UILaunchStoryboardName = LaunchScreen;
				INFOPLIST_KEY_UIMainStoryboardFile = Main;
				INFOPLIST_KEY_UISupportedInterfaceOrientations_iPad = "UIInterfaceOrientationPortrait UIInterfaceOrientationPortraitUpsideDown UIInterfaceOrientationLandscapeLeft UIInterfaceOrientationLandscapeRight";
				INFOPLIST_KEY_UISupportedInterfaceOrientations_iPhone = "UIInterfaceOrientationPortrait UIInterfaceOrientationLandscapeLeft UIInterfaceOrientationLandscapeRight";
				IPHONEOS_DEPLOYMENT_TARGET = 12.0;
				LD_RUNPATH_SEARCH_PATHS = (
					"$(inherited)",
					"@executable_path/Frameworks",
				);
				MARKETING_VERSION = 1.0;
				PRODUCT_BUNDLE_IDENTIFIER = IldarArsl.DiaryApp;
				PRODUCT_NAME = "$(TARGET_NAME)";
				SWIFT_EMIT_LOC_STRINGS = YES;
				SWIFT_VERSION = 5.0;
				TARGETED_DEVICE_FAMILY = "1,2";
			};
			name = Debug;
		};
		74B942752729284C0098FCFC /* Release */ = {
			isa = XCBuildConfiguration;
			baseConfigurationReference = 48AC7BA0ECDA9816B3F661A1 /* Pods-DiaryApp.release.xcconfig */;
			buildSettings = {
				ASSETCATALOG_COMPILER_APPICON_NAME = AppIcon;
				ASSETCATALOG_COMPILER_GLOBAL_ACCENT_COLOR_NAME = AccentColor;
				CODE_SIGN_STYLE = Automatic;
				CURRENT_PROJECT_VERSION = 1;
				DEVELOPMENT_TEAM = K2W9WPT8C4;
				GENERATE_INFOPLIST_FILE = YES;
				INFOPLIST_FILE = DiaryApp/Info.plist;
				INFOPLIST_KEY_UIApplicationSupportsIndirectInputEvents = YES;
				INFOPLIST_KEY_UILaunchStoryboardName = LaunchScreen;
				INFOPLIST_KEY_UIMainStoryboardFile = Main;
				INFOPLIST_KEY_UISupportedInterfaceOrientations_iPad = "UIInterfaceOrientationPortrait UIInterfaceOrientationPortraitUpsideDown UIInterfaceOrientationLandscapeLeft UIInterfaceOrientationLandscapeRight";
				INFOPLIST_KEY_UISupportedInterfaceOrientations_iPhone = "UIInterfaceOrientationPortrait UIInterfaceOrientationLandscapeLeft UIInterfaceOrientationLandscapeRight";
				IPHONEOS_DEPLOYMENT_TARGET = 12.0;
				LD_RUNPATH_SEARCH_PATHS = (
					"$(inherited)",
					"@executable_path/Frameworks",
				);
				MARKETING_VERSION = 1.0;
				PRODUCT_BUNDLE_IDENTIFIER = IldarArsl.DiaryApp;
				PRODUCT_NAME = "$(TARGET_NAME)";
				SWIFT_EMIT_LOC_STRINGS = YES;
				SWIFT_VERSION = 5.0;
				TARGETED_DEVICE_FAMILY = "1,2";
			};
			name = Release;
		};
/* End XCBuildConfiguration section */

/* Begin XCConfigurationList section */
		74B9425A2729284C0098FCFC /* Build configuration list for PBXProject "DiaryApp" */ = {
			isa = XCConfigurationList;
			buildConfigurations = (
				74B942712729284C0098FCFC /* Debug */,
				74B942722729284C0098FCFC /* Release */,
			);
			defaultConfigurationIsVisible = 0;
			defaultConfigurationName = Release;
		};
		74B942732729284C0098FCFC /* Build configuration list for PBXNativeTarget "DiaryApp" */ = {
			isa = XCConfigurationList;
			buildConfigurations = (
				74B942742729284C0098FCFC /* Debug */,
				74B942752729284C0098FCFC /* Release */,
			);
			defaultConfigurationIsVisible = 0;
			defaultConfigurationName = Release;
		};
/* End XCConfigurationList section */
	};
	rootObject = 74B942572729284C0098FCFC /* Project object */;
}
